
Microsoft Visual Studio Solution File, Format Version 12.00
# Visual Studio Version 17
VisualStudioVersion = 17.11.35327.3
MinimumVisualStudioVersion = 10.0.40219.1
Project("{FAE04EC0-301F-11D3-BF4B-00C04F79EFBC}") = "BankStatementReader.Console", "BankStatementReader.Console\BankStatementReader.Console.csproj", "{1B990716-61D3-48FB-B87F-6113B4A07F59}"
EndProject
Project("{FAE04EC0-301F-11D3-BF4B-00C04F79EFBC}") = "BankStatementReader.Services", "BankStatementReader.Services\BankStatementReader.Services.csproj", "{45522358-389E-4DEB-B124-A07E35CD9165}"
EndProject
Project("{FAE04EC0-301F-11D3-BF4B-00C04F79EFBC}") = "BankStatementReader.Models", "BankStatementReader.Models\BankStatementReader.Models.csproj", "{03508313-A164-4B4A-825D-0A630AC15E05}"
EndProject
Global
	GlobalSection(SolutionConfigurationPlatforms) = preSolution
		Debug|Any CPU = Debug|Any CPU
		Release|Any CPU = Release|Any CPU
	EndGlobalSection
	GlobalSection(ProjectConfigurationPlatforms) = postSolution
		{1B990716-61D3-48FB-B87F-6113B4A07F59}.Debug|Any CPU.ActiveCfg = Debug|Any CPU
		{1B990716-61D3-48FB-B87F-6113B4A07F59}.Debug|Any CPU.Build.0 = Debug|Any CPU
		{1B990716-61D3-48FB-B87F-6113B4A07F59}.Release|Any CPU.ActiveCfg = Release|Any CPU
		{1B990716-61D3-48FB-B87F-6113B4A07F59}.Release|Any CPU.Build.0 = Release|Any CPU
		{45522358-389E-4DEB-B124-A07E35CD9165}.Debug|Any CPU.ActiveCfg = Debug|Any CPU
		{45522358-389E-4DEB-B124-A07E35CD9165}.Debug|Any CPU.Build.0 = Debug|Any CPU
		{45522358-389E-4DEB-B124-A07E35CD9165}.Release|Any CPU.ActiveCfg = Release|Any CPU
		{45522358-389E-4DEB-B124-A07E35CD9165}.Release|Any CPU.Build.0 = Release|Any CPU
		{03508313-A164-4B4A-825D-0A630AC15E05}.Debug|Any CPU.ActiveCfg = Debug|Any CPU
		{03508313-A164-4B4A-825D-0A630AC15E05}.Debug|Any CPU.Build.0 = Debug|Any CPU
		{03508313-A164-4B4A-825D-0A630AC15E05}.Release|Any CPU.ActiveCfg = Release|Any CPU
		{03508313-A164-4B4A-825D-0A630AC15E05}.Release|Any CPU.Build.0 = Release|Any CPU
	EndGlobalSection
	GlobalSection(SolutionProperties) = preSolution
		HideSolutionNode = FALSE
	EndGlobalSection
	GlobalSection(ExtensibilityGlobals) = postSolution
		SolutionGuid = {F3036B9D-64A8-43F5-96B4-25CA82D0703B}
	EndGlobalSection
EndGlobal
